
Microsoft Visual Studio Solution File, Format Version 12.00
# Visual Studio Version 16
VisualStudioVersion = 16.0.29424.173
MinimumVisualStudioVersion = 10.0.40219.1
Project("{FAE04EC0-301F-11D3-BF4B-00C04F79EFBC}") = "Triangles", "Triangles.csproj", "{157CBCED-64A3-485C-AABA-366AA524C6D4}"
EndProject
Global
	GlobalSection(SolutionConfigurationPlatforms) = preSolution
		Debug|Any CPU = Debug|Any CPU
		Release|Any CPU = Release|Any CPU
	EndGlobalSection
	GlobalSection(ProjectConfigurationPlatforms) = postSolution
		{157CBCED-64A3-485C-AABA-366AA524C6D4}.Debug|Any CPU.ActiveCfg = Debug|Any CPU
		{157CBCED-64A3-485C-AABA-366AA524C6D4}.Debug|Any CPU.Build.0 = Debug|Any CPU
		{157CBCED-64A3-485C-AABA-366AA524C6D4}.Release|Any CPU.ActiveCfg = Release|Any CPU
		{157CBCED-64A3-485C-AABA-366AA524C6D4}.Release|Any CPU.Build.0 = Release|Any CPU
	EndGlobalSection
	GlobalSection(SolutionProperties) = preSolution
		HideSolutionNode = FALSE
	EndGlobalSection
	GlobalSection(ExtensibilityGlobals) = postSolution
		SolutionGuid = {2F59B2AC-84D0-4D1B-9D78-B3B8ABB05350}
	EndGlobalSection
EndGlobal
